
Microsoft Visual Studio Solution File, Format Version 12.00
# Visual Studio Version 17
VisualStudioVersion = 17.11.35312.102
MinimumVisualStudioVersion = 10.0.40219.1
Project("{9A19103F-16F7-4668-BE54-9A1E7A4F7556}") = "raylight-api", "raylight-api.csproj", "{F98929E3-68A4-4F9E-BCDC-B33510CFF54C}"
EndProject
Global
	GlobalSection(SolutionConfigurationPlatforms) = preSolution
		Debug|Any CPU = Debug|Any CPU
		Release|Any CPU = Release|Any CPU
	EndGlobalSection
	GlobalSection(ProjectConfigurationPlatforms) = postSolution
		{F98929E3-68A4-4F9E-BCDC-B33510CFF54C}.Debug|Any CPU.ActiveCfg = Debug|Any CPU
		{F98929E3-68A4-4F9E-BCDC-B33510CFF54C}.Debug|Any CPU.Build.0 = Debug|Any CPU
		{F98929E3-68A4-4F9E-BCDC-B33510CFF54C}.Release|Any CPU.ActiveCfg = Release|Any CPU
		{F98929E3-68A4-4F9E-BCDC-B33510CFF54C}.Release|Any CPU.Build.0 = Release|Any CPU
	EndGlobalSection
	GlobalSection(SolutionProperties) = preSolution
		HideSolutionNode = FALSE
	EndGlobalSection
	GlobalSection(ExtensibilityGlobals) = postSolution
		SolutionGuid = {DC7B848D-3DF4-4D54-B07A-173C85445AC5}
	EndGlobalSection
EndGlobal
